
Microsoft Visual Studio Solution File, Format Version 12.00
# Visual Studio Version 16
VisualStudioVersion = 16.0.31410.357
MinimumVisualStudioVersion = 10.0.40219.1
Project("{FAE04EC0-301F-11D3-BF4B-00C04F79EFBC}") = "Backup program", "Backup program\Backup program.csproj", "{B74AF663-7008-4891-BB2C-EA7E1F86D40A}"
EndProject
Global
	GlobalSection(SolutionConfigurationPlatforms) = preSolution
		Debug|Any CPU = Debug|Any CPU
		Release|Any CPU = Release|Any CPU
	EndGlobalSection
	GlobalSection(ProjectConfigurationPlatforms) = postSolution
		{B74AF663-7008-4891-BB2C-EA7E1F86D40A}.Debug|Any CPU.ActiveCfg = Debug|Any CPU
		{B74AF663-7008-4891-BB2C-EA7E1F86D40A}.Debug|Any CPU.Build.0 = Debug|Any CPU
		{B74AF663-7008-4891-BB2C-EA7E1F86D40A}.Release|Any CPU.ActiveCfg = Release|Any CPU
		{B74AF663-7008-4891-BB2C-EA7E1F86D40A}.Release|Any CPU.Build.0 = Release|Any CPU
	EndGlobalSection
	GlobalSection(SolutionProperties) = preSolution
		HideSolutionNode = FALSE
	EndGlobalSection
	GlobalSection(ExtensibilityGlobals) = postSolution
		SolutionGuid = {AE0F8BEF-A6FF-404D-BDBE-71CA78A61AE6}
	EndGlobalSection
EndGlobal
